
Microsoft Visual Studio Solution File, Format Version 12.00
# Visual Studio Version 17
VisualStudioVersion = 17.1.32210.238
MinimumVisualStudioVersion = 10.0.40219.1
Project("{FAE04EC0-301F-11D3-BF4B-00C04F79EFBC}") = "Singly_linked_list", "Singly_linked_list\Singly_linked_list.csproj", "{D891EC63-1A96-4A3E-8FD0-ABB6CA90076D}"
EndProject
Global
	GlobalSection(SolutionConfigurationPlatforms) = preSolution
		Debug|Any CPU = Debug|Any CPU
		Release|Any CPU = Release|Any CPU
	EndGlobalSection
	GlobalSection(ProjectConfigurationPlatforms) = postSolution
		{D891EC63-1A96-4A3E-8FD0-ABB6CA90076D}.Debug|Any CPU.ActiveCfg = Debug|Any CPU
		{D891EC63-1A96-4A3E-8FD0-ABB6CA90076D}.Debug|Any CPU.Build.0 = Debug|Any CPU
		{D891EC63-1A96-4A3E-8FD0-ABB6CA90076D}.Release|Any CPU.ActiveCfg = Release|Any CPU
		{D891EC63-1A96-4A3E-8FD0-ABB6CA90076D}.Release|Any CPU.Build.0 = Release|Any CPU
	EndGlobalSection
	GlobalSection(SolutionProperties) = preSolution
		HideSolutionNode = FALSE
	EndGlobalSection
	GlobalSection(ExtensibilityGlobals) = postSolution
		SolutionGuid = {80620D7E-0541-4025-83D2-5F554CC0D47E}
	EndGlobalSection
EndGlobal
